
Microsoft Visual Studio Solution File, Format Version 12.00
# Visual Studio Version 16
VisualStudioVersion = 16.0.31613.86
MinimumVisualStudioVersion = 10.0.40219.1
Project("{9A19103F-16F7-4668-BE54-9A1E7A4F7556}") = "ApplicationToLearnTest", "ApplicationToLearnTest\ApplicationToLearnTest.csproj", "{B006CC9F-066D-4630-ABD6-8003A96E368D}"
EndProject
Project("{9A19103F-16F7-4668-BE54-9A1E7A4F7556}") = "MyTests", "MyTests\MyTests.csproj", "{0A9A2D44-6BF3-4863-853A-AEE7EEA1C062}"
EndProject
Project("{FAE04EC0-301F-11D3-BF4B-00C04F79EFBC}") = "IntegratedTests", "IntegratedTests\IntegratedTests.csproj", "{948F4100-F7F8-4346-9FCB-0D514BC682C5}"
EndProject
Global
	GlobalSection(SolutionConfigurationPlatforms) = preSolution
		Debug|Any CPU = Debug|Any CPU
		Release|Any CPU = Release|Any CPU
	EndGlobalSection
	GlobalSection(ProjectConfigurationPlatforms) = postSolution
		{B006CC9F-066D-4630-ABD6-8003A96E368D}.Debug|Any CPU.ActiveCfg = Debug|Any CPU
		{B006CC9F-066D-4630-ABD6-8003A96E368D}.Debug|Any CPU.Build.0 = Debug|Any CPU
		{B006CC9F-066D-4630-ABD6-8003A96E368D}.Release|Any CPU.ActiveCfg = Release|Any CPU
		{B006CC9F-066D-4630-ABD6-8003A96E368D}.Release|Any CPU.Build.0 = Release|Any CPU
		{0A9A2D44-6BF3-4863-853A-AEE7EEA1C062}.Debug|Any CPU.ActiveCfg = Debug|Any CPU
		{0A9A2D44-6BF3-4863-853A-AEE7EEA1C062}.Debug|Any CPU.Build.0 = Debug|Any CPU
		{0A9A2D44-6BF3-4863-853A-AEE7EEA1C062}.Release|Any CPU.ActiveCfg = Release|Any CPU
		{0A9A2D44-6BF3-4863-853A-AEE7EEA1C062}.Release|Any CPU.Build.0 = Release|Any CPU
		{948F4100-F7F8-4346-9FCB-0D514BC682C5}.Debug|Any CPU.ActiveCfg = Debug|Any CPU
		{948F4100-F7F8-4346-9FCB-0D514BC682C5}.Debug|Any CPU.Build.0 = Debug|Any CPU
		{948F4100-F7F8-4346-9FCB-0D514BC682C5}.Release|Any CPU.ActiveCfg = Release|Any CPU
		{948F4100-F7F8-4346-9FCB-0D514BC682C5}.Release|Any CPU.Build.0 = Release|Any CPU
	EndGlobalSection
	GlobalSection(SolutionProperties) = preSolution
		HideSolutionNode = FALSE
	EndGlobalSection
	GlobalSection(ExtensibilityGlobals) = postSolution
		SolutionGuid = {C05CA469-D6C8-47FF-8234-14D2E79083D6}
	EndGlobalSection
EndGlobal
